
Microsoft Visual Studio Solution File, Format Version 12.00
# Visual Studio Version 16
VisualStudioVersion = 16.0.30907.101
MinimumVisualStudioVersion = 10.0.40219.1
Project("{FAE04EC0-301F-11D3-BF4B-00C04F79EFBC}") = "DesktopClock", "DesktopClock\DesktopClock.csproj", "{DB6DFED2-472A-4FC6-BA1C-736365F72088}"
EndProject
Global
	GlobalSection(SolutionConfigurationPlatforms) = preSolution
		Debug|Any CPU = Debug|Any CPU
		Release|Any CPU = Release|Any CPU
	EndGlobalSection
	GlobalSection(ProjectConfigurationPlatforms) = postSolution
		{DB6DFED2-472A-4FC6-BA1C-736365F72088}.Debug|Any CPU.ActiveCfg = Debug|Any CPU
		{DB6DFED2-472A-4FC6-BA1C-736365F72088}.Debug|Any CPU.Build.0 = Debug|Any CPU
		{DB6DFED2-472A-4FC6-BA1C-736365F72088}.Release|Any CPU.ActiveCfg = Release|Any CPU
		{DB6DFED2-472A-4FC6-BA1C-736365F72088}.Release|Any CPU.Build.0 = Release|Any CPU
	EndGlobalSection
	GlobalSection(SolutionProperties) = preSolution
		HideSolutionNode = FALSE
	EndGlobalSection
	GlobalSection(ExtensibilityGlobals) = postSolution
		SolutionGuid = {CD067505-7A2C-44DD-B53F-2DC51BF115CF}
	EndGlobalSection
EndGlobal
